
Microsoft Visual Studio Solution File, Format Version 12.00
# Visual Studio Version 17
VisualStudioVersion = 17.8.34330.188
MinimumVisualStudioVersion = 10.0.40219.1
Project("{9A19103F-16F7-4668-BE54-9A1E7A4F7556}") = "Дискриминанта на квадратно уравнение", "Дискриминанта на квадратно уравнение\Дискриминанта на квадратно уравнение.csproj", "{4D5C7CC2-91A7-4118-9156-99BE3BA8A431}"
EndProject
Project("{9A19103F-16F7-4668-BE54-9A1E7A4F7556}") = "Поздрав", "Поздрав\Поздрав.csproj", "{663A00D9-2844-421F-9AD4-3EB694746A9A}"
EndProject
Project("{FAE04EC0-301F-11D3-BF4B-00C04F79EFBC}") = "Графичен потребителски интерфейс на калкулатор", "Графичен потребителски интерфейс на калкулатор\Графичен потребителски интерфейс на калкулатор.csproj", "{7B6D4458-0C6B-4DFE-B136-7480D7A135D9}"
EndProject
Project("{9A19103F-16F7-4668-BE54-9A1E7A4F7556}") = "Проверка за високосна година", "Проверка за високосна година\Проверка за високосна година.csproj", "{1C2ADAA8-2DD9-45EF-9206-9E0000CA73B4}"
EndProject
Project("{9A19103F-16F7-4668-BE54-9A1E7A4F7556}") = "Форматиране на дробно число", "Форматиране на дробно число\Форматиране на дробно число.csproj", "{04F6C376-AF7C-4699-AF9F-A3D293EE6515}"
EndProject
Project("{9A19103F-16F7-4668-BE54-9A1E7A4F7556}") = "Проверка за дробно число", "Проверка за дробно число\Проверка за дробно число.csproj", "{273F6FD9-E19F-4792-BC85-7AE59485F241}"
EndProject
Project("{9A19103F-16F7-4668-BE54-9A1E7A4F7556}") = "Намиране на прости числа", "Намиране на прости числа\Намиране на прости числа.csproj", "{35B8A1E1-B70E-4C17-A2D1-420FBD95EA06}"
EndProject
Project("{FAE04EC0-301F-11D3-BF4B-00C04F79EFBC}") = "Намиране на факториел", "Намиране на факториел\Намиране на факториел.csproj", "{95AE8BAE-2F73-429F-865D-5C14A19C872C}"
EndProject
Project("{9A19103F-16F7-4668-BE54-9A1E7A4F7556}") = "Намиране на число от редицата на Фибоначи", "Намиране на число от редицата на Фибоначи\Намиране на число от редицата на Фибоначи.csproj", "{0A66621F-0044-4A32-A4BA-907A78EFC4C5}"
EndProject
Project("{9A19103F-16F7-4668-BE54-9A1E7A4F7556}") = "Решаване на квадратно уравнение", "Решаване на квадратно уравнение\Решаване на квадратно уравнение.csproj", "{72D5115D-44F2-4A9E-BB87-1EFA9C1F2472}"
EndProject
Project("{9A19103F-16F7-4668-BE54-9A1E7A4F7556}") = "Намиране на среден успех на клас", "Намиране на среден успех на клас\Намиране на среден успех на клас.csproj", "{2CF184A8-118C-4071-A494-0BC01BA98977}"
EndProject
Project("{9A19103F-16F7-4668-BE54-9A1E7A4F7556}") = "Конзолен калкулатор", "Конзолен калкулатор\Конзолен калкулатор.csproj", "{E408F100-1959-4998-AEB5-B201701659F5}"
EndProject
Project("{9A19103F-16F7-4668-BE54-9A1E7A4F7556}") = "Текстово-базирана приключенска игра", "Текстово-базирана приключенска игра\Текстово-базирана приключенска игра.csproj", "{D8CC7042-59E5-4421-A7FB-0B049D377E9C}"
EndProject
Project("{9A19103F-16F7-4668-BE54-9A1E7A4F7556}") = "Най-голям и най-малък елемент на масив", "Най-голям и най-малък елемент на масив\Най-голям и най-малък елемент на масив.csproj", "{4C7837AB-89AD-4FE6-9013-045564E0D32F}"
EndProject
Project("{9A19103F-16F7-4668-BE54-9A1E7A4F7556}") = "Сортиране на масив по метода на мехурчето", "Сортиране на масив по метода на мехурчето\Сортиране на масив по метода на мехурчето.csproj", "{2BBD1736-7010-4FA3-B751-DA71110E74AF}"
EndProject
Project("{9A19103F-16F7-4668-BE54-9A1E7A4F7556}") = "Намиране на броя на инверсиите в масив", "Намиране на броя на инверсиите в масив\Намиране на броя на инверсиите в масив.csproj", "{4F4E07B7-F835-42F0-8E6F-9BA1D7AFB518}"
EndProject
Project("{9A19103F-16F7-4668-BE54-9A1E7A4F7556}") = "Сумиране на елементите на квадратна матрица", "Сумиране на елементите на квадратна матрица\Сумиране на елементите на квадратна матрица.csproj", "{E5162F30-6BDE-4E12-A603-82F5B65E6017}"
EndProject
Project("{FAE04EC0-301F-11D3-BF4B-00C04F79EFBC}") = "Температури през седмицата", "Температури през седмицата\Температури през седмицата.csproj", "{B87896B7-D42C-453F-A970-426716B92899}"
EndProject
Project("{FAE04EC0-301F-11D3-BF4B-00C04F79EFBC}") = "Пресмятане на срочни оценки", "Пресмятане на срочни оценки\Пресмятане на срочни оценки.csproj", "{BA692B7E-E4A7-4679-9589-407F8748CB83}"
EndProject
Project("{FAE04EC0-301F-11D3-BF4B-00C04F79EFBC}") = "Градове и пътища", "Градове и пътища\Градове и пътища.csproj", "{E14A7E11-B53D-4C02-BEEE-405F05A85164}"
EndProject
Global
	GlobalSection(SolutionConfigurationPlatforms) = preSolution
		Debug|Any CPU = Debug|Any CPU
		Release|Any CPU = Release|Any CPU
	EndGlobalSection
	GlobalSection(ProjectConfigurationPlatforms) = postSolution
		{4D5C7CC2-91A7-4118-9156-99BE3BA8A431}.Debug|Any CPU.ActiveCfg = Debug|Any CPU
		{4D5C7CC2-91A7-4118-9156-99BE3BA8A431}.Debug|Any CPU.Build.0 = Debug|Any CPU
		{4D5C7CC2-91A7-4118-9156-99BE3BA8A431}.Release|Any CPU.ActiveCfg = Release|Any CPU
		{4D5C7CC2-91A7-4118-9156-99BE3BA8A431}.Release|Any CPU.Build.0 = Release|Any CPU
		{663A00D9-2844-421F-9AD4-3EB694746A9A}.Debug|Any CPU.ActiveCfg = Debug|Any CPU
		{663A00D9-2844-421F-9AD4-3EB694746A9A}.Debug|Any CPU.Build.0 = Debug|Any CPU
		{663A00D9-2844-421F-9AD4-3EB694746A9A}.Release|Any CPU.ActiveCfg = Release|Any CPU
		{663A00D9-2844-421F-9AD4-3EB694746A9A}.Release|Any CPU.Build.0 = Release|Any CPU
		{7B6D4458-0C6B-4DFE-B136-7480D7A135D9}.Debug|Any CPU.ActiveCfg = Debug|Any CPU
		{7B6D4458-0C6B-4DFE-B136-7480D7A135D9}.Debug|Any CPU.Build.0 = Debug|Any CPU
		{7B6D4458-0C6B-4DFE-B136-7480D7A135D9}.Release|Any CPU.ActiveCfg = Release|Any CPU
		{7B6D4458-0C6B-4DFE-B136-7480D7A135D9}.Release|Any CPU.Build.0 = Release|Any CPU
		{1C2ADAA8-2DD9-45EF-9206-9E0000CA73B4}.Debug|Any CPU.ActiveCfg = Debug|Any CPU
		{1C2ADAA8-2DD9-45EF-9206-9E0000CA73B4}.Debug|Any CPU.Build.0 = Debug|Any CPU
		{1C2ADAA8-2DD9-45EF-9206-9E0000CA73B4}.Release|Any CPU.ActiveCfg = Release|Any CPU
		{1C2ADAA8-2DD9-45EF-9206-9E0000CA73B4}.Release|Any CPU.Build.0 = Release|Any CPU
		{04F6C376-AF7C-4699-AF9F-A3D293EE6515}.Debug|Any CPU.ActiveCfg = Debug|Any CPU
		{04F6C376-AF7C-4699-AF9F-A3D293EE6515}.Debug|Any CPU.Build.0 = Debug|Any CPU
		{04F6C376-AF7C-4699-AF9F-A3D293EE6515}.Release|Any CPU.ActiveCfg = Release|Any CPU
		{04F6C376-AF7C-4699-AF9F-A3D293EE6515}.Release|Any CPU.Build.0 = Release|Any CPU
		{273F6FD9-E19F-4792-BC85-7AE59485F241}.Debug|Any CPU.ActiveCfg = Debug|Any CPU
		{273F6FD9-E19F-4792-BC85-7AE59485F241}.Debug|Any CPU.Build.0 = Debug|Any CPU
		{273F6FD9-E19F-4792-BC85-7AE59485F241}.Release|Any CPU.ActiveCfg = Release|Any CPU
		{273F6FD9-E19F-4792-BC85-7AE59485F241}.Release|Any CPU.Build.0 = Release|Any CPU
		{35B8A1E1-B70E-4C17-A2D1-420FBD95EA06}.Debug|Any CPU.ActiveCfg = Debug|Any CPU
		{35B8A1E1-B70E-4C17-A2D1-420FBD95EA06}.Debug|Any CPU.Build.0 = Debug|Any CPU
		{35B8A1E1-B70E-4C17-A2D1-420FBD95EA06}.Release|Any CPU.ActiveCfg = Release|Any CPU
		{35B8A1E1-B70E-4C17-A2D1-420FBD95EA06}.Release|Any CPU.Build.0 = Release|Any CPU
		{95AE8BAE-2F73-429F-865D-5C14A19C872C}.Debug|Any CPU.ActiveCfg = Debug|Any CPU
		{95AE8BAE-2F73-429F-865D-5C14A19C872C}.Debug|Any CPU.Build.0 = Debug|Any CPU
		{95AE8BAE-2F73-429F-865D-5C14A19C872C}.Release|Any CPU.ActiveCfg = Release|Any CPU
		{95AE8BAE-2F73-429F-865D-5C14A19C872C}.Release|Any CPU.Build.0 = Release|Any CPU
		{0A66621F-0044-4A32-A4BA-907A78EFC4C5}.Debug|Any CPU.ActiveCfg = Debug|Any CPU
		{0A66621F-0044-4A32-A4BA-907A78EFC4C5}.Debug|Any CPU.Build.0 = Debug|Any CPU
		{0A66621F-0044-4A32-A4BA-907A78EFC4C5}.Release|Any CPU.ActiveCfg = Release|Any CPU
		{0A66621F-0044-4A32-A4BA-907A78EFC4C5}.Release|Any CPU.Build.0 = Release|Any CPU
		{72D5115D-44F2-4A9E-BB87-1EFA9C1F2472}.Debug|Any CPU.ActiveCfg = Debug|Any CPU
		{72D5115D-44F2-4A9E-BB87-1EFA9C1F2472}.Debug|Any CPU.Build.0 = Debug|Any CPU
		{72D5115D-44F2-4A9E-BB87-1EFA9C1F2472}.Release|Any CPU.ActiveCfg = Release|Any CPU
		{72D5115D-44F2-4A9E-BB87-1EFA9C1F2472}.Release|Any CPU.Build.0 = Release|Any CPU
		{2CF184A8-118C-4071-A494-0BC01BA98977}.Debug|Any CPU.ActiveCfg = Debug|Any CPU
		{2CF184A8-118C-4071-A494-0BC01BA98977}.Debug|Any CPU.Build.0 = Debug|Any CPU
		{2CF184A8-118C-4071-A494-0BC01BA98977}.Release|Any CPU.ActiveCfg = Release|Any CPU
		{2CF184A8-118C-4071-A494-0BC01BA98977}.Release|Any CPU.Build.0 = Release|Any CPU
		{E408F100-1959-4998-AEB5-B201701659F5}.Debug|Any CPU.ActiveCfg = Debug|Any CPU
		{E408F100-1959-4998-AEB5-B201701659F5}.Debug|Any CPU.Build.0 = Debug|Any CPU
		{E408F100-1959-4998-AEB5-B201701659F5}.Release|Any CPU.ActiveCfg = Release|Any CPU
		{E408F100-1959-4998-AEB5-B201701659F5}.Release|Any CPU.Build.0 = Release|Any CPU
		{D8CC7042-59E5-4421-A7FB-0B049D377E9C}.Debug|Any CPU.ActiveCfg = Debug|Any CPU
		{D8CC7042-59E5-4421-A7FB-0B049D377E9C}.Debug|Any CPU.Build.0 = Debug|Any CPU
		{D8CC7042-59E5-4421-A7FB-0B049D377E9C}.Release|Any CPU.ActiveCfg = Release|Any CPU
		{D8CC7042-59E5-4421-A7FB-0B049D377E9C}.Release|Any CPU.Build.0 = Release|Any CPU
		{4C7837AB-89AD-4FE6-9013-045564E0D32F}.Debug|Any CPU.ActiveCfg = Debug|Any CPU
		{4C7837AB-89AD-4FE6-9013-045564E0D32F}.Debug|Any CPU.Build.0 = Debug|Any CPU
		{4C7837AB-89AD-4FE6-9013-045564E0D32F}.Release|Any CPU.ActiveCfg = Release|Any CPU
		{4C7837AB-89AD-4FE6-9013-045564E0D32F}.Release|Any CPU.Build.0 = Release|Any CPU
		{2BBD1736-7010-4FA3-B751-DA71110E74AF}.Debug|Any CPU.ActiveCfg = Debug|Any CPU
		{2BBD1736-7010-4FA3-B751-DA71110E74AF}.Debug|Any CPU.Build.0 = Debug|Any CPU
		{2BBD1736-7010-4FA3-B751-DA71110E74AF}.Release|Any CPU.ActiveCfg = Release|Any CPU
		{2BBD1736-7010-4FA3-B751-DA71110E74AF}.Release|Any CPU.Build.0 = Release|Any CPU
		{4F4E07B7-F835-42F0-8E6F-9BA1D7AFB518}.Debug|Any CPU.ActiveCfg = Debug|Any CPU
		{4F4E07B7-F835-42F0-8E6F-9BA1D7AFB518}.Debug|Any CPU.Build.0 = Debug|Any CPU
		{4F4E07B7-F835-42F0-8E6F-9BA1D7AFB518}.Release|Any CPU.ActiveCfg = Release|Any CPU
		{4F4E07B7-F835-42F0-8E6F-9BA1D7AFB518}.Release|Any CPU.Build.0 = Release|Any CPU
		{E5162F30-6BDE-4E12-A603-82F5B65E6017}.Debug|Any CPU.ActiveCfg = Debug|Any CPU
		{E5162F30-6BDE-4E12-A603-82F5B65E6017}.Debug|Any CPU.Build.0 = Debug|Any CPU
		{E5162F30-6BDE-4E12-A603-82F5B65E6017}.Release|Any CPU.ActiveCfg = Release|Any CPU
		{E5162F30-6BDE-4E12-A603-82F5B65E6017}.Release|Any CPU.Build.0 = Release|Any CPU
		{B87896B7-D42C-453F-A970-426716B92899}.Debug|Any CPU.ActiveCfg = Debug|Any CPU
		{B87896B7-D42C-453F-A970-426716B92899}.Debug|Any CPU.Build.0 = Debug|Any CPU
		{B87896B7-D42C-453F-A970-426716B92899}.Release|Any CPU.ActiveCfg = Release|Any CPU
		{B87896B7-D42C-453F-A970-426716B92899}.Release|Any CPU.Build.0 = Release|Any CPU
		{BA692B7E-E4A7-4679-9589-407F8748CB83}.Debug|Any CPU.ActiveCfg = Debug|Any CPU
		{BA692B7E-E4A7-4679-9589-407F8748CB83}.Debug|Any CPU.Build.0 = Debug|Any CPU
		{BA692B7E-E4A7-4679-9589-407F8748CB83}.Release|Any CPU.ActiveCfg = Release|Any CPU
		{BA692B7E-E4A7-4679-9589-407F8748CB83}.Release|Any CPU.Build.0 = Release|Any CPU
		{E14A7E11-B53D-4C02-BEEE-405F05A85164}.Debug|Any CPU.ActiveCfg = Debug|Any CPU
		{E14A7E11-B53D-4C02-BEEE-405F05A85164}.Debug|Any CPU.Build.0 = Debug|Any CPU
		{E14A7E11-B53D-4C02-BEEE-405F05A85164}.Release|Any CPU.ActiveCfg = Release|Any CPU
		{E14A7E11-B53D-4C02-BEEE-405F05A85164}.Release|Any CPU.Build.0 = Release|Any CPU
	EndGlobalSection
	GlobalSection(SolutionProperties) = preSolution
		HideSolutionNode = FALSE
	EndGlobalSection
	GlobalSection(ExtensibilityGlobals) = postSolution
		SolutionGuid = {99DB2AB4-3229-470C-97B3-406F7D6E899F}
	EndGlobalSection
EndGlobal
