
Microsoft Visual Studio Solution File, Format Version 12.00
# Visual Studio Version 17
VisualStudioVersion = 17.8.34330.188
MinimumVisualStudioVersion = 10.0.40219.1
Project("{FAE04EC0-301F-11D3-BF4B-00C04F79EFBC}") = "Дискриминанта на квадратно уравнение", "Дискриминанта на квадратно уравнение\Дискриминанта на квадратно уравнение.csproj", "{4D5C7CC2-91A7-4118-9156-99BE3BA8A431}"
EndProject
Project("{FAE04EC0-301F-11D3-BF4B-00C04F79EFBC}") = "Поздрав", "Поздрав\Поздрав.csproj", "{663A00D9-2844-421F-9AD4-3EB694746A9A}"
EndProject
Project("{FAE04EC0-301F-11D3-BF4B-00C04F79EFBC}") = "Графичен потребителски интерфейс на калкулатор", "Графичен потребителски интерфейс на калкулатор\Графичен потребителски интерфейс на калкулатор.csproj", "{7B6D4458-0C6B-4DFE-B136-7480D7A135D9}"
EndProject
Project("{FAE04EC0-301F-11D3-BF4B-00C04F79EFBC}") = "Проверка за високосна година", "Проверка за високосна година\Проверка за високосна година.csproj", "{1C2ADAA8-2DD9-45EF-9206-9E0000CA73B4}"
EndProject
Project("{FAE04EC0-301F-11D3-BF4B-00C04F79EFBC}") = "Форматиране на дробно число", "Форматиране на дробно число\Форматиране на дробно число.csproj", "{04F6C376-AF7C-4699-AF9F-A3D293EE6515}"
EndProject
Global
	GlobalSection(SolutionConfigurationPlatforms) = preSolution
		Debug|Any CPU = Debug|Any CPU
		Release|Any CPU = Release|Any CPU
	EndGlobalSection
	GlobalSection(ProjectConfigurationPlatforms) = postSolution
		{4D5C7CC2-91A7-4118-9156-99BE3BA8A431}.Debug|Any CPU.ActiveCfg = Debug|Any CPU
		{4D5C7CC2-91A7-4118-9156-99BE3BA8A431}.Debug|Any CPU.Build.0 = Debug|Any CPU
		{4D5C7CC2-91A7-4118-9156-99BE3BA8A431}.Release|Any CPU.ActiveCfg = Release|Any CPU
		{4D5C7CC2-91A7-4118-9156-99BE3BA8A431}.Release|Any CPU.Build.0 = Release|Any CPU
		{663A00D9-2844-421F-9AD4-3EB694746A9A}.Debug|Any CPU.ActiveCfg = Debug|Any CPU
		{663A00D9-2844-421F-9AD4-3EB694746A9A}.Debug|Any CPU.Build.0 = Debug|Any CPU
		{663A00D9-2844-421F-9AD4-3EB694746A9A}.Release|Any CPU.ActiveCfg = Release|Any CPU
		{663A00D9-2844-421F-9AD4-3EB694746A9A}.Release|Any CPU.Build.0 = Release|Any CPU
		{7B6D4458-0C6B-4DFE-B136-7480D7A135D9}.Debug|Any CPU.ActiveCfg = Debug|Any CPU
		{7B6D4458-0C6B-4DFE-B136-7480D7A135D9}.Debug|Any CPU.Build.0 = Debug|Any CPU
		{7B6D4458-0C6B-4DFE-B136-7480D7A135D9}.Release|Any CPU.ActiveCfg = Release|Any CPU
		{7B6D4458-0C6B-4DFE-B136-7480D7A135D9}.Release|Any CPU.Build.0 = Release|Any CPU
		{1C2ADAA8-2DD9-45EF-9206-9E0000CA73B4}.Debug|Any CPU.ActiveCfg = Debug|Any CPU
		{1C2ADAA8-2DD9-45EF-9206-9E0000CA73B4}.Debug|Any CPU.Build.0 = Debug|Any CPU
		{1C2ADAA8-2DD9-45EF-9206-9E0000CA73B4}.Release|Any CPU.ActiveCfg = Release|Any CPU
		{1C2ADAA8-2DD9-45EF-9206-9E0000CA73B4}.Release|Any CPU.Build.0 = Release|Any CPU
		{04F6C376-AF7C-4699-AF9F-A3D293EE6515}.Debug|Any CPU.ActiveCfg = Debug|Any CPU
		{04F6C376-AF7C-4699-AF9F-A3D293EE6515}.Debug|Any CPU.Build.0 = Debug|Any CPU
		{04F6C376-AF7C-4699-AF9F-A3D293EE6515}.Release|Any CPU.ActiveCfg = Release|Any CPU
		{04F6C376-AF7C-4699-AF9F-A3D293EE6515}.Release|Any CPU.Build.0 = Release|Any CPU
	EndGlobalSection
	GlobalSection(SolutionProperties) = preSolution
		HideSolutionNode = FALSE
	EndGlobalSection
	GlobalSection(ExtensibilityGlobals) = postSolution
		SolutionGuid = {99DB2AB4-3229-470C-97B3-406F7D6E899F}
	EndGlobalSection
EndGlobal
